
Microsoft Visual Studio Solution File, Format Version 12.00
# Visual Studio Version 17
VisualStudioVersion = 17.0.32112.339
MinimumVisualStudioVersion = 10.0.40219.1
Project("{8BC9CEB8-8B4A-11D0-8D11-00A0C91BC942}") = "Tetris1block", "Tetris1block\Tetris1block.vcxproj", "{CD1FC2FA-A2CF-4448-A0EC-4718D3460245}"
EndProject
Global
	GlobalSection(SolutionConfigurationPlatforms) = preSolution
		Debug|x64 = Debug|x64
		Debug|x86 = Debug|x86
		Release|x64 = Release|x64
		Release|x86 = Release|x86
	EndGlobalSection
	GlobalSection(ProjectConfigurationPlatforms) = postSolution
		{CD1FC2FA-A2CF-4448-A0EC-4718D3460245}.Debug|x64.ActiveCfg = Debug|x64
		{CD1FC2FA-A2CF-4448-A0EC-4718D3460245}.Debug|x64.Build.0 = Debug|x64
		{CD1FC2FA-A2CF-4448-A0EC-4718D3460245}.Debug|x86.ActiveCfg = Debug|Win32
		{CD1FC2FA-A2CF-4448-A0EC-4718D3460245}.Debug|x86.Build.0 = Debug|Win32
		{CD1FC2FA-A2CF-4448-A0EC-4718D3460245}.Release|x64.ActiveCfg = Release|x64
		{CD1FC2FA-A2CF-4448-A0EC-4718D3460245}.Release|x64.Build.0 = Release|x64
		{CD1FC2FA-A2CF-4448-A0EC-4718D3460245}.Release|x86.ActiveCfg = Release|Win32
		{CD1FC2FA-A2CF-4448-A0EC-4718D3460245}.Release|x86.Build.0 = Release|Win32
	EndGlobalSection
	GlobalSection(SolutionProperties) = preSolution
		HideSolutionNode = FALSE
	EndGlobalSection
	GlobalSection(ExtensibilityGlobals) = postSolution
		SolutionGuid = {D158B366-90E2-4D6C-935C-A4378E16C753}
	EndGlobalSection
EndGlobal
